# This file is automatically @generated by Poetry 1.8.3 and should not be changed by hand.

[[package]]
name = "awscrt"
version = "0.22.0"
description = "A common runtime for AWS Python projects"
optional = false
python-versions = ">=3.7"
files = [
    {file = "awscrt-0.22.0-cp310-cp310-macosx_10_9_universal2.whl", hash = "sha256:190a7d26cc7217da0f53be93f93c5f8c764223507389cbb1f5353d29bdd4eeb2"},
    {file = "awscrt-0.22.0-cp310-cp310-manylinux_2_17_aarch64.manylinux2014_aarch64.whl", hash = "sha256:d44f5695f7cee6020b174f913dc3de8f7d75dccba2b24b5043c970d941ef441d"},
    {file = "awscrt-0.22.0-cp310-cp310-manylinux_2_17_x86_64.manylinux2014_x86_64.whl", hash = "sha256:b5326380832a16bb9833ea43ce7a0abc6a7c9079f201893394a44635f49bc248"},
    {file = "awscrt-0.22.0-cp310-cp310-musllinux_1_1_aarch64.whl", hash = "sha256:6db2eada94306b7c4fd79876c8a7592d1dc1fda883a980fb75d0381b7eeaf8c7"},
    {file = "awscrt-0.22.0-cp310-cp310-musllinux_1_1_x86_64.whl", hash = "sha256:c0b4a1da57b70be87ed85719ede53e8b80d004f750da7490940f9b293662e642"},
    {file = "awscrt-0.22.0-cp310-cp310-win32.whl", hash = "sha256:df21f2e1d15e6d12eeaa5b487afdf92b2d37a42f4c42c4166f8c13672f7319d7"},
    {file = "awscrt-0.22.0-cp310-cp310-win_amd64.whl", hash = "sha256:663fa2c573c7f86efdcfc5106b20116f486d974caa67f924739607dac1eaf13b"},
    {file = "awscrt-0.22.0-cp311-abi3-macosx_10_9_universal2.whl", hash = "sha256:c31276ba17140631eca53a16ffc96d3c0fb3544f4928c1c77294556a7a63d2a2"},
    {file = "awscrt-0.22.0-cp311-abi3-manylinux_2_17_aarch64.manylinux2014_aarch64.whl", hash = "sha256:10bd211c553f88b48ad16b6ac60d32d0daad964a553bf48b2a342c764e60ea73"},
    {file = "awscrt-0.22.0-cp311-abi3-manylinux_2_17_x86_64.manylinux2014_x86_64.whl", hash = "sha256:f1d151d8d0fb896534a4d4e9946080f4ef2b9c8a1a26d73e24a7a85c5bd46eb0"},
    {file = "awscrt-0.22.0-cp311-abi3-musllinux_1_1_aarch64.whl", hash = "sha256:502c2ec8eb1390c7003639195942ba90fc2ef531f9f11bf0c452b581364d288a"},
    {file = "awscrt-0.22.0-cp311-abi3-musllinux_1_1_x86_64.whl", hash = "sha256:3bd4bb2a30f823ef9310a2b5aee816b9b535131d7cd35a4ff0bf74233530fda5"},
    {file = "awscrt-0.22.0-cp311-abi3-win32.whl", hash = "sha256:306034cba9d5f8055cf1b8e31ef66811a10c531cfb7ab44107ee93be9c9a4582"},
    {file = "awscrt-0.22.0-cp311-abi3-win_amd64.whl", hash = "sha256:8c4273372e1fda4a92612fd4b0cef34a1930de5704fe49c7d5fcb0f11d46f6c2"},
    {file = "awscrt-0.22.0-cp313-abi3-macosx_10_13_universal2.whl", hash = "sha256:c338564811b8d85ce8ad5aee0db7d05f4f2aae0099020c52606ef5e8d33ea689"},
    {file = "awscrt-0.22.0-cp313-abi3-manylinux_2_17_aarch64.manylinux2014_aarch64.whl", hash = "sha256:37f95c2a9fbe07527f4ad21133c6e76faf73ece2c4769169049f33e2e558f191"},
    {file = "awscrt-0.22.0-cp313-abi3-manylinux_2_17_x86_64.manylinux2014_x86_64.whl", hash = "sha256:1eec8d062eb74c925c5e279a5f1d5d2e1f9fe9c0b1461367b7d58de625135c97"},
    {file = "awscrt-0.22.0-cp313-abi3-musllinux_1_1_aarch64.whl", hash = "sha256:bd5bb78628295b05d1791eef4fd28247490d4064bc73f7ed588c27b34f9586b1"},
    {file = "awscrt-0.22.0-cp313-abi3-musllinux_1_1_x86_64.whl", hash = "sha256:f6a11b35023c6eb081a136fc764b21dbb9fd38d8c9dfc061b02933735d2d76f2"},
    {file = "awscrt-0.22.0-cp313-abi3-win32.whl", hash = "sha256:eb6d3c9a32721b1b3ad6a84629e67a3b2796b6a4a7d9957ef72d09a283aaf930"},
    {file = "awscrt-0.22.0-cp313-abi3-win_amd64.whl", hash = "sha256:46291aba0d97c834df101aaf6e6a037bb08306cea659b3fbd74245c6c36e9109"},
    {file = "awscrt-0.22.0-cp38-cp38-macosx_10_9_x86_64.whl", hash = "sha256:64fb525ead778119f3fe85e660305e7ebf66594f542978b8eb31a832d18de82f"},
    {file = "awscrt-0.22.0-cp38-cp38-manylinux_2_17_aarch64.manylinux2014_aarch64.whl", hash = "sha256:d72299beb25c86a4819efa05d3636e8d644506f0abd8b702b2302d45db82a509"},
    {file = "awscrt-0.22.0-cp38-cp38-manylinux_2_17_x86_64.manylinux2014_x86_64.whl", hash = "sha256:f458dc361f93e7b40f9ba72230f411dae39facea995d9ac7f171a68472a474fc"},
    {file = "awscrt-0.22.0-cp38-cp38-manylinux_2_5_i686.manylinux1_i686.whl", hash = "sha256:9bd3d9767cac89e37100762154eb81c8ae1d54283381695e77d811ceab7aac21"},
    {file = "awscrt-0.22.0-cp38-cp38-manylinux_2_5_x86_64.manylinux1_x86_64.whl", hash = "sha256:57ee95ff86fed152e4a5f2e2eda8bb6ffac86f531ee2966c7fb4f384decac070"},
    {file = "awscrt-0.22.0-cp38-cp38-musllinux_1_1_aarch64.whl", hash = "sha256:a0703ce10556d9be99d3a6d708615eef882f7349e6ba36c53f1555c4b06b349e"},
    {file = "awscrt-0.22.0-cp38-cp38-musllinux_1_1_x86_64.whl", hash = "sha256:2fadf2e2ca2f8cb60a8cbea741b500ee54ffa09654c733968d6a3656c235b81c"},
    {file = "awscrt-0.22.0-cp38-cp38-win32.whl", hash = "sha256:01f6c7d6c6f6704b020b3ec2d5f7d942e2c7f229eaea00faa0df8d3c45f3ccf3"},
    {file = "awscrt-0.22.0-cp38-cp38-win_amd64.whl", hash = "sha256:63767f0702cca8b97c02f2625ff9472deab4eed7fe9a8dc344813179db5a762f"},
    {file = "awscrt-0.22.0-cp39-cp39-macosx_10_9_universal2.whl", hash = "sha256:755acb2aa1243f48ad46c5b35fd3cfaca869fc1f66af9adecd65dd2aa9a09afa"},
    {file = "awscrt-0.22.0-cp39-cp39-manylinux_2_17_aarch64.manylinux2014_aarch64.whl", hash = "sha256:400fb162b2a02ed96941d372ea1c5d0041f7e30345afafc71d592701a6b00a0d"},
    {file = "awscrt-0.22.0-cp39-cp39-manylinux_2_17_x86_64.manylinux2014_x86_64.whl", hash = "sha256:acb57e153223fddbf5e98a6acee2df83f433f67ed3acd6fd44d2cef3c0a7bb9b"},
    {file = "awscrt-0.22.0-cp39-cp39-manylinux_2_5_i686.manylinux1_i686.whl", hash = "sha256:16ab13e4b7c7d74e67b3fd9e609a73ac50cf676a520d0584b6d13c6f193851dd"},
    {file = "awscrt-0.22.0-cp39-cp39-manylinux_2_5_x86_64.manylinux1_x86_64.whl", hash = "sha256:786d2a8f532f712cc08f8bbf497482112674c14ec14b53774e7fda7369650042"},
    {file = "awscrt-0.22.0-cp39-cp39-musllinux_1_1_aarch64.whl", hash = "sha256:54004d985858e33f9ef14119e969a1917347ed65dddd9fba82570b42a26d32a6"},
    {file = "awscrt-0.22.0-cp39-cp39-musllinux_1_1_x86_64.whl", hash = "sha256:3782a9e244ed957833d24b32224868f79df397de87482c737313fc343ca3009d"},
    {file = "awscrt-0.22.0-cp39-cp39-win32.whl", hash = "sha256:a2a8528b06ef5e9cffe858b495e37f0b2168b5dc85a2e8661c16a65c0f444ad2"},
    {file = "awscrt-0.22.0-cp39-cp39-win_amd64.whl", hash = "sha256:788beedfbbd7f608025c089cd93ee222216310f6e052fc77ceeac9a838e3c6e4"},
    {file = "awscrt-0.22.0.tar.gz", hash = "sha256:4ca2b0b49328f03f5a3dde2d565132df8ad74cba27352612ecd9fe2505e1d770"},
]

[[package]]
name = "boto3"
version = "1.35.81"
description = "The AWS SDK for Python"
optional = false
python-versions = ">=3.8"
files = [
    {file = "boto3-1.35.81-py3-none-any.whl", hash = "sha256:742941b2424c0223d2d94a08c3485462fa7c58d816b62ca80f08e555243acee1"},
    {file = "boto3-1.35.81.tar.gz", hash = "sha256:d2e95fa06f095b8e0c545dd678c6269d253809b2997c30f5ce8a956c410b4e86"},
]

[package.dependencies]
botocore = [
    {version = ">=1.35.81,<1.36.0"},
    {version = ">=1.21.0,<2.0a0", extras = ["crt"], optional = true, markers = "extra == \"crt\""},
]
jmespath = ">=0.7.1,<2.0.0"
s3transfer = ">=0.10.0,<0.11.0"

[package.extras]
crt = ["botocore[crt] (>=1.21.0,<2.0a0)"]

[[package]]
name = "botocore"
version = "1.35.81"
description = "Low-level, data-driven core of boto 3."
optional = false
python-versions = ">=3.8"
files = [
    {file = "botocore-1.35.81-py3-none-any.whl", hash = "sha256:a7b13bbd959bf2d6f38f681676aab408be01974c46802ab997617b51399239f7"},
    {file = "botocore-1.35.81.tar.gz", hash = "sha256:564c2478e50179e0b766e6a87e5e0cdd35e1bc37eb375c1cf15511f5dd13600d"},
]

[package.dependencies]
awscrt = {version = "0.22.0", optional = true, markers = "extra == \"crt\""}
jmespath = ">=0.7.1,<2.0.0"
python-dateutil = ">=2.1,<3.0.0"
urllib3 = {version = ">=1.25.4,<2.2.0 || >2.2.0,<3", markers = "python_version >= \"3.10\""}

[package.extras]
crt = ["awscrt (==0.22.0)"]

[[package]]
name = "jmespath"
version = "1.0.1"
description = "JSON Matching Expressions"
optional = false
python-versions = ">=3.7"
files = [
    {file = "jmespath-1.0.1-py3-none-any.whl", hash = "sha256:02e2e4cc71b5bcab88332eebf907519190dd9e6e82107fa7f83b1003a6252980"},
    {file = "jmespath-1.0.1.tar.gz", hash = "sha256:90261b206d6defd58fdd5e85f478bf633a2901798906be2ad389150c5c60edbe"},
]

[[package]]
name = "python-dateutil"
version = "2.9.0.post0"
description = "Extensions to the standard Python datetime module"
optional = false
python-versions = "!=3.0.*,!=3.1.*,!=3.2.*,>=2.7"
files = [
    {file = "python-dateutil-2.9.0.post0.tar.gz", hash = "sha256:37dd54208da7e1cd875388217d5e00ebd4179249f90fb72437e91a35459a0ad3"},
    {file = "python_dateutil-2.9.0.post0-py2.py3-none-any.whl", hash = "sha256:a8b2bc7bffae282281c8140a97d3aa9c14da0b136dfe83f850eea9a5f7470427"},
]

[package.dependencies]
six = ">=1.5"

[[package]]
name = "s3transfer"
version = "0.10.4"
description = "An Amazon S3 Transfer Manager"
optional = false
python-versions = ">=3.8"
files = [
    {file = "s3transfer-0.10.4-py3-none-any.whl", hash = "sha256:244a76a24355363a68164241438de1b72f8781664920260c48465896b712a41e"},
    {file = "s3transfer-0.10.4.tar.gz", hash = "sha256:29edc09801743c21eb5ecbc617a152df41d3c287f67b615f73e5f750583666a7"},
]

[package.dependencies]
botocore = ">=1.33.2,<2.0a.0"

[package.extras]
crt = ["botocore[crt] (>=1.33.2,<2.0a.0)"]

[[package]]
name = "six"
version = "1.17.0"
description = "Python 2 and 3 compatibility utilities"
optional = false
python-versions = "!=3.0.*,!=3.1.*,!=3.2.*,>=2.7"
files = [
    {file = "six-1.17.0-py2.py3-none-any.whl", hash = "sha256:4721f391ed90541fddacab5acf947aa0d3dc7d27b2e1e8eda2be8970586c3274"},
    {file = "six-1.17.0.tar.gz", hash = "sha256:ff70335d468e7eb6ec65b95b99d3a2836546063f63acc5171de367e834932a81"},
]

[[package]]
name = "urllib3"
version = "2.2.3"
description = "HTTP library with thread-safe connection pooling, file post, and more."
optional = false
python-versions = ">=3.8"
files = [
    {file = "urllib3-2.2.3-py3-none-any.whl", hash = "sha256:ca899ca043dcb1bafa3e262d73aa25c465bfb49e0bd9dd5d59f1d0acba2f8fac"},
    {file = "urllib3-2.2.3.tar.gz", hash = "sha256:e7d814a81dad81e6caf2ec9fdedb284ecc9c73076b62654547cc64ccdcae26e9"},
]

[package.extras]
brotli = ["brotli (>=1.0.9)", "brotlicffi (>=0.8.0)"]
h2 = ["h2 (>=4,<5)"]
socks = ["pysocks (>=1.5.6,!=1.5.7,<2.0)"]
zstd = ["zstandard (>=0.18.0)"]

[metadata]
lock-version = "2.0"
python-versions = "^3.12"
content-hash = "348a3c66d494301103916556dc72c9be5b2507e0d70223922771e2a6b822f849"
